
Microsoft Visual Studio Solution File, Format Version 12.00
# Visual Studio Version 16
VisualStudioVersion = 16.0.30503.244
MinimumVisualStudioVersion = 10.0.40219.1
Project("{FAE04EC0-301F-11D3-BF4B-00C04F79EFBC}") = "HospitalAssesementFinal", "HospitalAssesementFinal\HospitalAssesementFinal.csproj", "{B75FC3DF-8BB1-4B6E-B964-F577DD5739F5}"
EndProject
Global
	GlobalSection(SolutionConfigurationPlatforms) = preSolution
		Debug|Any CPU = Debug|Any CPU
		Release|Any CPU = Release|Any CPU
	EndGlobalSection
	GlobalSection(ProjectConfigurationPlatforms) = postSolution
		{B75FC3DF-8BB1-4B6E-B964-F577DD5739F5}.Debug|Any CPU.ActiveCfg = Debug|Any CPU
		{B75FC3DF-8BB1-4B6E-B964-F577DD5739F5}.Debug|Any CPU.Build.0 = Debug|Any CPU
		{B75FC3DF-8BB1-4B6E-B964-F577DD5739F5}.Release|Any CPU.ActiveCfg = Release|Any CPU
		{B75FC3DF-8BB1-4B6E-B964-F577DD5739F5}.Release|Any CPU.Build.0 = Release|Any CPU
	EndGlobalSection
	GlobalSection(SolutionProperties) = preSolution
		HideSolutionNode = FALSE
	EndGlobalSection
	GlobalSection(ExtensibilityGlobals) = postSolution
		SolutionGuid = {8BBE9E38-960A-4BF5-A200-ABD06A22B2AD}
	EndGlobalSection
EndGlobal
